
Microsoft Visual Studio Solution File, Format Version 12.00
# Visual Studio 15
VisualStudioVersion = 15.0.28010.2048
MinimumVisualStudioVersion = 10.0.40219.1
Project("{FAE04EC0-301F-11D3-BF4B-00C04F79EFBC}") = "EscaperoomSoftware", "EscaperoomSoftware\EscaperoomSoftware.csproj", "{F1E977B5-FB77-435F-92EC-8C32B8C9E4E2}"
EndProject
Project("{FAE04EC0-301F-11D3-BF4B-00C04F79EFBC}") = "EscaperoomSoftware.Tests", "EscaperoomSoftware.Tests\EscaperoomSoftware.Tests.csproj", "{7E219EF7-14C0-4DA9-B2F4-EBF20E4D76DC}"
EndProject
Global
	GlobalSection(SolutionConfigurationPlatforms) = preSolution
		Debug|Any CPU = Debug|Any CPU
		Release|Any CPU = Release|Any CPU
	EndGlobalSection
	GlobalSection(ProjectConfigurationPlatforms) = postSolution
		{F1E977B5-FB77-435F-92EC-8C32B8C9E4E2}.Debug|Any CPU.ActiveCfg = Debug|Any CPU
		{F1E977B5-FB77-435F-92EC-8C32B8C9E4E2}.Debug|Any CPU.Build.0 = Debug|Any CPU
		{F1E977B5-FB77-435F-92EC-8C32B8C9E4E2}.Release|Any CPU.ActiveCfg = Release|Any CPU
		{F1E977B5-FB77-435F-92EC-8C32B8C9E4E2}.Release|Any CPU.Build.0 = Release|Any CPU
		{7E219EF7-14C0-4DA9-B2F4-EBF20E4D76DC}.Debug|Any CPU.ActiveCfg = Debug|Any CPU
		{7E219EF7-14C0-4DA9-B2F4-EBF20E4D76DC}.Debug|Any CPU.Build.0 = Debug|Any CPU
		{7E219EF7-14C0-4DA9-B2F4-EBF20E4D76DC}.Release|Any CPU.ActiveCfg = Release|Any CPU
		{7E219EF7-14C0-4DA9-B2F4-EBF20E4D76DC}.Release|Any CPU.Build.0 = Release|Any CPU
	EndGlobalSection
	GlobalSection(SolutionProperties) = preSolution
		HideSolutionNode = FALSE
	EndGlobalSection
	GlobalSection(ExtensibilityGlobals) = postSolution
		SolutionGuid = {3C1C0436-81CB-4D21-8443-BECBA57ACF39}
	EndGlobalSection
EndGlobal
